// !$*UTF8*$!
{
	archiveVersion = 1;
	classes = {
	};
	objectVersion = 46;
	objects = {

/* Begin PBXBuildFile section */
		F4D921DE1C998DA500605BC8 /* AppDelegate.swift in Sources */ = {isa = PBXBuildFile; fileRef = F4D921DD1C998DA500605BC8 /* AppDelegate.swift */; };
		F4D921E31C998DA500605BC8 /* Main.storyboard in Resources */ = {isa = PBXBuildFile; fileRef = F4D921E11C998DA500605BC8 /* Main.storyboard */; };
		F4D921E51C998DA500605BC8 /* Assets.xcassets in Resources */ = {isa = PBXBuildFile; fileRef = F4D921E41C998DA500605BC8 /* Assets.xcassets */; };
		F4D921E81C998DA500605BC8 /* LaunchScreen.storyboard in Resources */ = {isa = PBXBuildFile; fileRef = F4D921E61C998DA500605BC8 /* LaunchScreen.storyboard */; };
		F4D921F01C998DCA00605BC8 /* GameScene.swift in Sources */ = {isa = PBXBuildFile; fileRef = F4D921EF1C998DCA00605BC8 /* GameScene.swift */; };
		F4D921F21C998E1100605BC8 /* ViewController.swift in Sources */ = {isa = PBXBuildFile; fileRef = F4D921F11C998E1100605BC8 /* ViewController.swift */; };
		F4D921F61C998EBF00605BC8 /* SpriteKit.framework in Frameworks */ = {isa = PBXBuildFile; fileRef = F4D921F51C998EBF00605BC8 /* SpriteKit.framework */; };
		F4D921F81C99940F00605BC8 /* button03a.mp3 in Resources */ = {isa = PBXBuildFile; fileRef = F4D921F71C99940F00605BC8 /* button03a.mp3 */; };
/* End PBXBuildFile section */

/* Begin PBXFileReference section */
		F4D921DA1C998DA500605BC8 /* FlappyBird2.app */ = {isa = PBXFileReference; explicitFileType = wrapper.application; includeInIndex = 0; path = FlappyBird2.app; sourceTree = BUILT_PRODUCTS_DIR; };
		F4D921DD1C998DA500605BC8 /* AppDelegate.swift */ = {isa = PBXFileReference; lastKnownFileType = sourcecode.swift; path = AppDelegate.swift; sourceTree = "<group>"; };
		F4D921E21C998DA500605BC8 /* Base */ = {isa = PBXFileReference; lastKnownFileType = file.storyboard; name = Base; path = Base.lproj/Main.storyboard; sourceTree = "<group>"; };
		F4D921E41C998DA500605BC8 /* Assets.xcassets */ = {isa = PBXFileReference; lastKnownFileType = folder.assetcatalog; path = Assets.xcassets; sourceTree = "<group>"; };
		F4D921E71C998DA500605BC8 /* Base */ = {isa = PBXFileReference; lastKnownFileType = file.storyboard; name = Base; path = Base.lproj/LaunchScreen.storyboard; sourceTree = "<group>"; };
		F4D921E91C998DA500605BC8 /* Info.plist */ = {isa = PBXFileReference; lastKnownFileType = text.plist.xml; path = Info.plist; sourceTree = "<group>"; };
		F4D921EF1C998DCA00605BC8 /* GameScene.swift */ = {isa = PBXFileReference; fileEncoding = 4; lastKnownFileType = sourcecode.swift; path = GameScene.swift; sourceTree = "<group>"; };
		F4D921F11C998E1100605BC8 /* ViewController.swift */ = {isa = PBXFileReference; fileEncoding = 4; lastKnownFileType = sourcecode.swift; path = ViewController.swift; sourceTree = "<group>"; };
		F4D921F51C998EBF00605BC8 /* SpriteKit.framework */ = {isa = PBXFileReference; lastKnownFileType = wrapper.framework; name = SpriteKit.framework; path = System/Library/Frameworks/SpriteKit.framework; sourceTree = SDKROOT; };
		F4D921F71C99940F00605BC8 /* button03a.mp3 */ = {isa = PBXFileReference; lastKnownFileType = audio.mp3; path = button03a.mp3; sourceTree = "<group>"; };
/* End PBXFileReference section */

/* Begin PBXFrameworksBuildPhase section */
		F4D921D71C998DA500605BC8 /* Frameworks */ = {
			isa = PBXFrameworksBuildPhase;
			buildActionMask = 2147483647;
			files = (
				F4D921F61C998EBF00605BC8 /* SpriteKit.framework in Frameworks */,
			);
			runOnlyForDeploymentPostprocessing = 0;
		};
/* End PBXFrameworksBuildPhase section */

/* Begin PBXGroup section */
		F4D921D11C998DA500605BC8 = {
			isa = PBXGroup;
			children = (
				F4D921F51C998EBF00605BC8 /* SpriteKit.framework */,
				F4D921DC1C998DA500605BC8 /* FlappyBird2 */,
				F4D921DB1C998DA500605BC8 /* Products */,
			);
			sourceTree = "<group>";
		};
		F4D921DB1C998DA500605BC8 /* Products */ = {
			isa = PBXGroup;
			children = (
				F4D921DA1C998DA500605BC8 /* FlappyBird2.app */,
			);
			name = Products;
			sourceTree = "<group>";
		};
		F4D921DC1C998DA500605BC8 /* FlappyBird2 */ = {
			isa = PBXGroup;
			children = (
				F4D921F71C99940F00605BC8 /* button03a.mp3 */,
				F4D921DD1C998DA500605BC8 /* AppDelegate.swift */,
				F4D921F11C998E1100605BC8 /* ViewController.swift */,
				F4D921EF1C998DCA00605BC8 /* GameScene.swift */,
				F4D921E11C998DA500605BC8 /* Main.storyboard */,
				F4D921E41C998DA500605BC8 /* Assets.xcassets */,
				F4D921E61C998DA500605BC8 /* LaunchScreen.storyboard */,
				F4D921E91C998DA500605BC8 /* Info.plist */,
			);
			path = FlappyBird2;
			sourceTree = "<group>";
		};
/* End PBXGroup section */

/* Begin PBXNativeTarget section */
		F4D921D91C998DA500605BC8 /* FlappyBird2 */ = {
			isa = PBXNativeTarget;
			buildConfigurationList = F4D921EC1C998DA500605BC8 /* Build configuration list for PBXNativeTarget "FlappyBird2" */;
			buildPhases = (
				F4D921D61C998DA500605BC8 /* Sources */,
				F4D921D71C998DA500605BC8 /* Frameworks */,
				F4D921D81C998DA500605BC8 /* Resources */,
			);
			buildRules = (
			);
			dependencies = (
			);
			name = FlappyBird2;
			productName = FlappyBird2;
			productReference = F4D921DA1C998DA500605BC8 /* FlappyBird2.app */;
			productType = "com.apple.product-type.application";
		};
/* End PBXNativeTarget section */

/* Begin PBXProject section */
		F4D921D21C998DA500605BC8 /* Project object */ = {
			isa = PBXProject;
			attributes = {
				LastSwiftUpdateCheck = 0720;
				LastUpgradeCheck = 0720;
				ORGANIZATIONNAME = yosuke.aga;
				TargetAttributes = {
					F4D921D91C998DA500605BC8 = {
						CreatedOnToolsVersion = 7.2.1;
					};
				};
			};
			buildConfigurationList = F4D921D51C998DA500605BC8 /* Build configuration list for PBXProject "FlappyBird2" */;
			compatibilityVersion = "Xcode 3.2";
			developmentRegion = English;
			hasScannedForEncodings = 0;
			knownRegions = (
				en,
				Base,
			);
			mainGroup = F4D921D11C998DA500605BC8;
			productRefGroup = F4D921DB1C998DA500605BC8 /* Products */;
			projectDirPath = "";
			projectRoot = "";
			targets = (
				F4D921D91C998DA500605BC8 /* FlappyBird2 */,
			);
		};
/* End PBXProject section */

/* Begin PBXResourcesBuildPhase section */
		F4D921D81C998DA500605BC8 /* Resources */ = {
			isa = PBXResourcesBuildPhase;
			buildActionMask = 2147483647;
			files = (
				F4D921E81C998DA500605BC8 /* LaunchScreen.storyboard in Resources */,
				F4D921E51C998DA500605BC8 /* Assets.xcassets in Resources */,
				F4D921E31C998DA500605BC8 /* Main.storyboard in Resources */,
				F4D921F81C99940F00605BC8 /* button03a.mp3 in Resources */,
			);
			runOnlyForDeploymentPostprocessing = 0;
		};
/* End PBXResourcesBuildPhase section */

/* Begin PBXSourcesBuildPhase section */
		F4D921D61C998DA500605BC8 /* Sources */ = {
			isa = PBXSourcesBuildPhase;
			buildActionMask = 2147483647;
			files = (
				F4D921F21C998E1100605BC8 /* ViewController.swift in Sources */,
				F4D921F01C998DCA00605BC8 /* GameScene.swift in Sources */,
				F4D921DE1C998DA500605BC8 /* AppDelegate.swift in Sources */,
			);
			runOnlyForDeploymentPostprocessing = 0;
		};
/* End PBXSourcesBuildPhase section */

/* Begin PBXVariantGroup section */
		F4D921E11C998DA500605BC8 /* Main.storyboard */ = {
			isa = PBXVariantGroup;
			children = (
				F4D921E21C998DA500605BC8 /* Base */,
			);
			name = Main.storyboard;
			sourceTree = "<group>";
		};
		F4D921E61C998DA500605BC8 /* LaunchScreen.storyboard */ = {
			isa = PBXVariantGroup;
			children = (
				F4D921E71C998DA500605BC8 /* Base */,
			);
			name = LaunchScreen.storyboard;
			sourceTree = "<group>";
		};
/* End PBXVariantGroup section */

/* Begin XCBuildConfiguration section */
		F4D921EA1C998DA500605BC8 /* Debug */ = {
			isa = XCBuildConfiguration;
			buildSettings = {
				ALWAYS_SEARCH_USER_PATHS = NO;
				CLANG_CXX_LANGUAGE_STANDARD = "gnu++0x";
				CLANG_CXX_LIBRARY = "libc++";
				CLANG_ENABLE_MODULES = YES;
				CLANG_ENABLE_OBJC_ARC = YES;
				CLANG_WARN_BOOL_CONVERSION = YES;
				CLANG_WARN_CONSTANT_CONVERSION = YES;
				CLANG_WARN_DIRECT_OBJC_ISA_USAGE = YES_ERROR;
				CLANG_WARN_EMPTY_BODY = YES;
				CLANG_WARN_ENUM_CONVERSION = YES;
				CLANG_WARN_INT_CONVERSION = YES;
				CLANG_WARN_OBJC_ROOT_CLASS = YES_ERROR;
				CLANG_WARN_UNREACHABLE_CODE = YES;
				CLANG_WARN__DUPLICATE_METHOD_MATCH = YES;
				"CODE_SIGN_IDENTITY[sdk=iphoneos*]" = "iPhone Developer";
				COPY_PHASE_STRIP = NO;
				DEBUG_INFORMATION_FORMAT = dwarf;
				ENABLE_STRICT_OBJC_MSGSEND = YES;
				ENABLE_TESTABILITY = YES;
				GCC_C_LANGUAGE_STANDARD = gnu99;
				GCC_DYNAMIC_NO_PIC = NO;
				GCC_NO_COMMON_BLOCKS = YES;
				GCC_OPTIMIZATION_LEVEL = 0;
				GCC_PREPROCESSOR_DEFINITIONS = (
					"DEBUG=1",
					"$(inherited)",
				);
				GCC_WARN_64_TO_32_BIT_CONVERSION = YES;
				GCC_WARN_ABOUT_RETURN_TYPE = YES_ERROR;
				GCC_WARN_UNDECLARED_SELECTOR = YES;
				GCC_WARN_UNINITIALIZED_AUTOS = YES_AGGRESSIVE;
				GCC_WARN_UNUSED_FUNCTION = YES;
				GCC_WARN_UNUSED_VARIABLE = YES;
				IPHONEOS_DEPLOYMENT_TARGET = 9.2;
				MTL_ENABLE_DEBUG_INFO = YES;
				ONLY_ACTIVE_ARCH = YES;
				SDKROOT = iphoneos;
				SWIFT_OPTIMIZATION_LEVEL = "-Onone";
			};
			name = Debug;
		};
		F4D921EB1C998DA500605BC8 /* Release */ = {
			isa = XCBuildConfiguration;
			buildSettings = {
				ALWAYS_SEARCH_USER_PATHS = NO;
				CLANG_CXX_LANGUAGE_STANDARD = "gnu++0x";
				CLANG_CXX_LIBRARY = "libc++";
				CLANG_ENABLE_MODULES = YES;
				CLANG_ENABLE_OBJC_ARC = YES;
				CLANG_WARN_BOOL_CONVERSION = YES;
				CLANG_WARN_CONSTANT_CONVERSION = YES;
				CLANG_WARN_DIRECT_OBJC_ISA_USAGE = YES_ERROR;
				CLANG_WARN_EMPTY_BODY = YES;
				CLANG_WARN_ENUM_CONVERSION = YES;
				CLANG_WARN_INT_CONVERSION = YES;
				CLANG_WARN_OBJC_ROOT_CLASS = YES_ERROR;
				CLANG_WARN_UNREACHABLE_CODE = YES;
				CLANG_WARN__DUPLICATE_METHOD_MATCH = YES;
				"CODE_SIGN_IDENTITY[sdk=iphoneos*]" = "iPhone Developer";
				COPY_PHASE_STRIP = NO;
				DEBUG_INFORMATION_FORMAT = "dwarf-with-dsym";
				ENABLE_NS_ASSERTIONS = NO;
				ENABLE_STRICT_OBJC_MSGSEND = YES;
				GCC_C_LANGUAGE_STANDARD = gnu99;
				GCC_NO_COMMON_BLOCKS = YES;
				GCC_WARN_64_TO_32_BIT_CONVERSION = YES;
				GCC_WARN_ABOUT_RETURN_TYPE = YES_ERROR;
				GCC_WARN_UNDECLARED_SELECTOR = YES;
				GCC_WARN_UNINITIALIZED_AUTOS = YES_AGGRESSIVE;
				GCC_WARN_UNUSED_FUNCTION = YES;
				GCC_WARN_UNUSED_VARIABLE = YES;
				IPHONEOS_DEPLOYMENT_TARGET = 9.2;
				MTL_ENABLE_DEBUG_INFO = NO;
				SDKROOT = iphoneos;
				VALIDATE_PRODUCT = YES;
			};
			name = Release;
		};
		F4D921ED1C998DA500605BC8 /* Debug */ = {
			isa = XCBuildConfiguration;
			buildSettings = {
				ASSETCATALOG_COMPILER_APPICON_NAME = AppIcon;
				INFOPLIST_FILE = FlappyBird2/Info.plist;
				LD_RUNPATH_SEARCH_PATHS = "$(inherited) @executable_path/Frameworks";
				PRODUCT_BUNDLE_IDENTIFIER = jp.techacademy.yosuke.aga.FlappyBird2;
				PRODUCT_NAME = "$(TARGET_NAME)";
			};
			name = Debug;
		};
		F4D921EE1C998DA500605BC8 /* Release */ = {
			isa = XCBuildConfiguration;
			buildSettings = {
				ASSETCATALOG_COMPILER_APPICON_NAME = AppIcon;
				INFOPLIST_FILE = FlappyBird2/Info.plist;
				LD_RUNPATH_SEARCH_PATHS = "$(inherited) @executable_path/Frameworks";
				PRODUCT_BUNDLE_IDENTIFIER = jp.techacademy.yosuke.aga.FlappyBird2;
				PRODUCT_NAME = "$(TARGET_NAME)";
			};
			name = Release;
		};
/* End XCBuildConfiguration section */

/* Begin XCConfigurationList section */
		F4D921D51C998DA500605BC8 /* Build configuration list for PBXProject "FlappyBird2" */ = {
			isa = XCConfigurationList;
			buildConfigurations = (
				F4D921EA1C998DA500605BC8 /* Debug */,
				F4D921EB1C998DA500605BC8 /* Release */,
			);
			defaultConfigurationIsVisible = 0;
			defaultConfigurationName = Release;
		};
		F4D921EC1C998DA500605BC8 /* Build configuration list for PBXNativeTarget "FlappyBird2" */ = {
			isa = XCConfigurationList;
			buildConfigurations = (
				F4D921ED1C998DA500605BC8 /* Debug */,
				F4D921EE1C998DA500605BC8 /* Release */,
			);
			defaultConfigurationIsVisible = 0;
		};
/* End XCConfigurationList section */
	};
	rootObject = F4D921D21C998DA500605BC8 /* Project object */;
}
